{
  "name": "dep-drift",
  "version": "0.1.0",
  "lockfileVersion": 3,
  "requires": true,
  "packages": {
    "": {
      "name": "dep-drift",
      "version": "0.1.0",
      "dependencies": {
        "@dep-drift/common": "file:../common"
      },
      "bin": {
        "dep-drift": "dist/index.js"
      },
      "devDependencies": {
        "@types/semver": "^7.7.1"
      }
    },
    "../common": {
      "version": "0.1.0",
      "dependencies": {
        "semver": "^7.7.3"
      },
      "devDependencies": {
        "@types/jest": "^30.0.0",
        "@types/semver": "^7.7.1",
        "jest": "^30.2.0",
        "ts-jest": "^29.4.6"
      }
    },
    "node_modules/@dep-drift/common": {
      "resolved": "../common",
      "link": true
    },
    "node_modules/@types/semver": {
      "version": "7.7.1",
      "resolved": "https://registry.npmjs.org/@types/semver/-/semver-7.7.1.tgz",
      "integrity": "sha512-FmgJfu+MOcQ370SD0ev7EI8TlCAfKYU+B4m5T3yXc1CiRN94g/SZPtsCkk506aUDtlMnFZvasDwHHUcZUEaYuA==",
      "dev": true
    }
  }
}
