{
  "name": "@dep-drift/common",
  "version": "0.1.0",
  "lockfileVersion": 3,
  "requires": true,
  "packages": {
    "": {
      "name": "@dep-drift/common",
      "version": "0.1.0",
      "dependencies": {
        "semver": "^7.7.3"
      },
      "devDependencies": {
        "@types/semver": "^7.7.1"
      }
    },
    "node_modules/@types/semver": {
      "version": "7.7.1",
      "resolved": "https://registry.npmjs.org/@types/semver/-/semver-7.7.1.tgz",
      "integrity": "sha512-FmgJfu+MOcQ370SD0ev7EI8TlCAfKYU+B4m5T3yXc1CiRN94g/SZPtsCkk506aUDtlMnFZvasDwHHUcZUEaYuA==",
      "dev": true
    },
    "node_modules/semver": {
      "version": "7.7.3",
      "resolved": "https://registry.npmjs.org/semver/-/semver-7.7.3.tgz",
      "integrity": "sha512-SdsKMrI9TdgjdweUSR9MweHA4EJ8YxHn8DFaDisvhVlUOe4BF1tLD7GAj0lIqWVl+dPb/rExr0Btby5loQm20Q==",
      "bin": {
        "semver": "bin/semver.js"
      },
      "engines": {
        "node": ">=10"
      }
    }
  }
}
